
Microsoft Visual Studio Solution File, Format Version 12.00
# Visual Studio Version 17
VisualStudioVersion = 17.6.33801.468
MinimumVisualStudioVersion = 10.0.40219.1
Project("{FAE04EC0-301F-11D3-BF4B-00C04F79EFBC}") = "FMIService", "FMIService\FMIService.csproj", "{B9E4CB14-D1B4-4770-A880-15A025974EA6}"
EndProject
Project("{FAE04EC0-301F-11D3-BF4B-00C04F79EFBC}") = "FMITests", "FMITests\FMITests.csproj", "{70BCF0B5-0DCA-42B9-9765-E8F202DB45D0}"
EndProject
Global
	GlobalSection(SolutionConfigurationPlatforms) = preSolution
		Debug|Any CPU = Debug|Any CPU
		Release|Any CPU = Release|Any CPU
	EndGlobalSection
	GlobalSection(ProjectConfigurationPlatforms) = postSolution
		{B9E4CB14-D1B4-4770-A880-15A025974EA6}.Debug|Any CPU.ActiveCfg = Debug|Any CPU
		{B9E4CB14-D1B4-4770-A880-15A025974EA6}.Debug|Any CPU.Build.0 = Debug|Any CPU
		{B9E4CB14-D1B4-4770-A880-15A025974EA6}.Release|Any CPU.ActiveCfg = Release|Any CPU
		{B9E4CB14-D1B4-4770-A880-15A025974EA6}.Release|Any CPU.Build.0 = Release|Any CPU
		{70BCF0B5-0DCA-42B9-9765-E8F202DB45D0}.Debug|Any CPU.ActiveCfg = Debug|Any CPU
		{70BCF0B5-0DCA-42B9-9765-E8F202DB45D0}.Debug|Any CPU.Build.0 = Debug|Any CPU
		{70BCF0B5-0DCA-42B9-9765-E8F202DB45D0}.Release|Any CPU.ActiveCfg = Release|Any CPU
		{70BCF0B5-0DCA-42B9-9765-E8F202DB45D0}.Release|Any CPU.Build.0 = Release|Any CPU
	EndGlobalSection
	GlobalSection(SolutionProperties) = preSolution
		HideSolutionNode = FALSE
	EndGlobalSection
	GlobalSection(ExtensibilityGlobals) = postSolution
		SolutionGuid = {29B5FB49-E830-4AE5-A91B-805137A0C85E}
	EndGlobalSection
EndGlobal
